
Microsoft Visual Studio Solution File, Format Version 12.00
# Visual Studio Version 17
VisualStudioVersion = 17.7.34031.279
MinimumVisualStudioVersion = 10.0.40219.1
Project("{2150E333-8FDC-42A3-9474-1A3956D46DE8}") = "src", "src", "{97D48156-00C8-4325-887C-26ACB18E4961}"
EndProject
Project("{2150E333-8FDC-42A3-9474-1A3956D46DE8}") = "test", "test", "{13F5C9AE-1DF4-4D5E-8AC3-3D1574473324}"
EndProject
Project("{2150E333-8FDC-42A3-9474-1A3956D46DE8}") = "API", "API", "{288999AC-2DBF-493D-A66D-7739C34147A2}"
EndProject
Project("{2150E333-8FDC-42A3-9474-1A3956D46DE8}") = "Core", "Core", "{46459E81-E5DB-4EF7-BF6B-3E40F0927457}"
EndProject
Project("{2150E333-8FDC-42A3-9474-1A3956D46DE8}") = "Infrastructure", "Infrastructure", "{65227A11-0504-4B9F-A9D3-6AFC4335B45C}"
EndProject
Project("{2150E333-8FDC-42A3-9474-1A3956D46DE8}") = "UI", "UI", "{C1DE79E0-427C-4E8A-BCDB-FA302B359CAD}"
EndProject
Project("{9A19103F-16F7-4668-BE54-9A1E7A4F7556}") = "HR.LeaveManagement.Domain", "HR.LeaveManagement.Domain\HR.LeaveManagement.Domain.csproj", "{31B34ED4-2B8A-47C3-8D63-F7A496ACA68F}"
EndProject
Project("{9A19103F-16F7-4668-BE54-9A1E7A4F7556}") = "HR.LeaveManagement.Application", "HR.LeaveManagement.Application\HR.LeaveManagement.Application.csproj", "{5E0D7064-8D57-4B40-BD8E-5AB9DFB7D26E}"
EndProject
Project("{FAE04EC0-301F-11D3-BF4B-00C04F79EFBC}") = "HR.LeaveManagement.Persistence", "HR.LeaveManagement.Persistence\HR.LeaveManagement.Persistence.csproj", "{38D224F3-BCA7-463A-8B2E-243498B53AFB}"
EndProject
Global
	GlobalSection(SolutionConfigurationPlatforms) = preSolution
		Debug|Any CPU = Debug|Any CPU
		Release|Any CPU = Release|Any CPU
	EndGlobalSection
	GlobalSection(ProjectConfigurationPlatforms) = postSolution
		{31B34ED4-2B8A-47C3-8D63-F7A496ACA68F}.Debug|Any CPU.ActiveCfg = Debug|Any CPU
		{31B34ED4-2B8A-47C3-8D63-F7A496ACA68F}.Debug|Any CPU.Build.0 = Debug|Any CPU
		{31B34ED4-2B8A-47C3-8D63-F7A496ACA68F}.Release|Any CPU.ActiveCfg = Release|Any CPU
		{31B34ED4-2B8A-47C3-8D63-F7A496ACA68F}.Release|Any CPU.Build.0 = Release|Any CPU
		{5E0D7064-8D57-4B40-BD8E-5AB9DFB7D26E}.Debug|Any CPU.ActiveCfg = Debug|Any CPU
		{5E0D7064-8D57-4B40-BD8E-5AB9DFB7D26E}.Debug|Any CPU.Build.0 = Debug|Any CPU
		{5E0D7064-8D57-4B40-BD8E-5AB9DFB7D26E}.Release|Any CPU.ActiveCfg = Release|Any CPU
		{5E0D7064-8D57-4B40-BD8E-5AB9DFB7D26E}.Release|Any CPU.Build.0 = Release|Any CPU
		{38D224F3-BCA7-463A-8B2E-243498B53AFB}.Debug|Any CPU.ActiveCfg = Debug|Any CPU
		{38D224F3-BCA7-463A-8B2E-243498B53AFB}.Debug|Any CPU.Build.0 = Debug|Any CPU
		{38D224F3-BCA7-463A-8B2E-243498B53AFB}.Release|Any CPU.ActiveCfg = Release|Any CPU
		{38D224F3-BCA7-463A-8B2E-243498B53AFB}.Release|Any CPU.Build.0 = Release|Any CPU
	EndGlobalSection
	GlobalSection(SolutionProperties) = preSolution
		HideSolutionNode = FALSE
	EndGlobalSection
	GlobalSection(NestedProjects) = preSolution
		{288999AC-2DBF-493D-A66D-7739C34147A2} = {97D48156-00C8-4325-887C-26ACB18E4961}
		{46459E81-E5DB-4EF7-BF6B-3E40F0927457} = {97D48156-00C8-4325-887C-26ACB18E4961}
		{65227A11-0504-4B9F-A9D3-6AFC4335B45C} = {97D48156-00C8-4325-887C-26ACB18E4961}
		{C1DE79E0-427C-4E8A-BCDB-FA302B359CAD} = {97D48156-00C8-4325-887C-26ACB18E4961}
		{31B34ED4-2B8A-47C3-8D63-F7A496ACA68F} = {46459E81-E5DB-4EF7-BF6B-3E40F0927457}
		{5E0D7064-8D57-4B40-BD8E-5AB9DFB7D26E} = {46459E81-E5DB-4EF7-BF6B-3E40F0927457}
		{38D224F3-BCA7-463A-8B2E-243498B53AFB} = {65227A11-0504-4B9F-A9D3-6AFC4335B45C}
	EndGlobalSection
	GlobalSection(ExtensibilityGlobals) = postSolution
		SolutionGuid = {CC55D84B-B443-4DA6-BF46-1442AF415C75}
	EndGlobalSection
EndGlobal
